
Microsoft Visual Studio Solution File, Format Version 12.00
# Visual Studio Version 16
VisualStudioVersion = 16.0.32106.194
MinimumVisualStudioVersion = 10.0.40219.1
Project("{FAE04EC0-301F-11D3-BF4B-00C04F79EFBC}") = "__VideoAnalysis", "__VideoAnalysis\__VideoAnalysis.csproj", "{80DEA5BE-10E0-46EB-B235-F1F7D62C5CE5}"
EndProject
Global
	GlobalSection(SolutionConfigurationPlatforms) = preSolution
		Debug|Any CPU = Debug|Any CPU
		Release|Any CPU = Release|Any CPU
	EndGlobalSection
	GlobalSection(ProjectConfigurationPlatforms) = postSolution
		{80DEA5BE-10E0-46EB-B235-F1F7D62C5CE5}.Debug|Any CPU.ActiveCfg = Debug|Any CPU
		{80DEA5BE-10E0-46EB-B235-F1F7D62C5CE5}.Debug|Any CPU.Build.0 = Debug|Any CPU
		{80DEA5BE-10E0-46EB-B235-F1F7D62C5CE5}.Release|Any CPU.ActiveCfg = Release|Any CPU
		{80DEA5BE-10E0-46EB-B235-F1F7D62C5CE5}.Release|Any CPU.Build.0 = Release|Any CPU
	EndGlobalSection
	GlobalSection(SolutionProperties) = preSolution
		HideSolutionNode = FALSE
	EndGlobalSection
	GlobalSection(ExtensibilityGlobals) = postSolution
		SolutionGuid = {61D4478E-35DB-4515-91B5-042703D43DAD}
	EndGlobalSection
EndGlobal
